{
    "name": "cuzz",
    "version": "0.0.22",
    "lockfileVersion": 3,
    "requires": true,
    "packages": {
        "": {
            "name": "cuzz",
            "version": "0.0.22",
            "license": "MIT",
            "dependencies": {
                "@icp-sdk/core": "^4.0.4",
                "commander": "^12.1.0",
                "fast-check": "^4.1.1",
                "tsx": "^4.19.2"
            },
            "bin": {
                "cuzz": "src/bin.ts"
            },
            "devDependencies": {
                "@types/node": "^22.8.4"
            }
        },
        "node_modules/@dfinity/agent": {
            "version": "3.2.6",
            "resolved": "https://registry.npmjs.org/@dfinity/agent/-/agent-3.2.6.tgz",
            "integrity": "sha512-rJscQptoa43BxHgpeyy9qF6JbAXm4tn+IeNkUE9aMn60tfy1SGizMn6UQQOmw7jvl+LYDVA6w8ZA7c2br3cM+w==",
            "license": "Apache-2.0",
            "peer": true,
            "dependencies": {
                "@dfinity/cbor": "^0.2.2",
                "@noble/curves": "^1.9.2"
            },
            "peerDependencies": {
                "@dfinity/candid": "3.2.6",
                "@dfinity/principal": "3.2.6",
                "@noble/hashes": "^1.8.0"
            }
        },
        "node_modules/@dfinity/candid": {
            "version": "3.2.6",
            "resolved": "https://registry.npmjs.org/@dfinity/candid/-/candid-3.2.6.tgz",
            "integrity": "sha512-rh26bUluupegJNiDC6pJy0wyhkctPJSJ5ue4RxnodrbA6YMyQoj7m8Ic3Y81ah/fsSXOl9AIyyVh3kMqZb3lSw==",
            "license": "Apache-2.0",
            "peer": true,
            "peerDependencies": {
                "@dfinity/principal": "3.2.6"
            }
        },
        "node_modules/@dfinity/cbor": {
            "version": "0.2.2",
            "resolved": "https://registry.npmjs.org/@dfinity/cbor/-/cbor-0.2.2.tgz",
            "integrity": "sha512-GPJpH73kDEKbUBdUjY80lz7cq9l0vm1h/7ppejPV6O0ZTqCLrYspssYvqjRmK4aNnJ/SKXsP0rg9LYX7zpegaA==",
            "license": "Apache-2.0",
            "peer": true
        },
        "node_modules/@dfinity/identity": {
            "version": "3.2.6",
            "resolved": "https://registry.npmjs.org/@dfinity/identity/-/identity-3.2.6.tgz",
            "integrity": "sha512-18ecTwtz4Yv8coaNM4ooCzqlib9ooP20JFHJ2RVAtlWPaVcRC/4nzXTEJiUH+TytC7ZbBkuRYlJ/eLeIhyYqaA==",
            "license": "Apache-2.0",
            "peer": true,
            "peerDependencies": {
                "@dfinity/agent": "3.2.6",
                "@dfinity/candid": "3.2.6",
                "@dfinity/principal": "3.2.6",
                "@noble/curves": "^1.9.2",
                "@noble/hashes": "^1.8.0"
            }
        },
        "node_modules/@dfinity/identity-secp256k1": {
            "version": "3.2.6",
            "resolved": "https://registry.npmjs.org/@dfinity/identity-secp256k1/-/identity-secp256k1-3.2.6.tgz",
            "integrity": "sha512-J7vfbXXaNOlIOGl3LIBXktvXja0Eci+zzfQMXHrz7jYlujAp/Ca+Mr8NFOR2bU/T9I8Q3VaNlIF2aAB/JKd/DQ==",
            "license": "Apache-2.0",
            "peer": true,
            "dependencies": {
                "@dfinity/agent": "3.2.6",
                "@scure/bip32": "^1.7.0",
                "@scure/bip39": "^1.6.0",
                "asn1js": "^3.0.5"
            },
            "peerDependencies": {
                "@dfinity/candid": "3.2.6",
                "@noble/curves": "^1.9.2",
                "@noble/hashes": "^1.8.0"
            }
        },
        "node_modules/@dfinity/principal": {
            "version": "3.2.6",
            "resolved": "https://registry.npmjs.org/@dfinity/principal/-/principal-3.2.6.tgz",
            "integrity": "sha512-jxEmMwZe2k/XC0DEW1i7CVJ/vPzIKT0zvXeQIBuvkfEcqWSVRiScHlURwnYStQAE1RVP8glDEs6ioeZgmEmazA==",
            "license": "Apache-2.0",
            "peer": true,
            "dependencies": {
                "@noble/hashes": "^1.8.0"
            }
        },
        "node_modules/@esbuild/linux-x64": {
            "version": "0.25.1",
            "resolved": "https://registry.npmjs.org/@esbuild/linux-x64/-/linux-x64-0.25.1.tgz",
            "integrity": "sha512-xbfUhu/gnvSEg+EGovRc+kjBAkrvtk38RlerAzQxvMzlB4fXpCFCeUAYzJvrnhFtdeyVCDANSjJvOvGYoeKzFA==",
            "cpu": [
                "x64"
            ],
            "license": "MIT",
            "optional": true,
            "os": [
                "linux"
            ],
            "engines": {
                "node": ">=18"
            }
        },
        "node_modules/@icp-sdk/core": {
            "version": "4.0.4",
            "resolved": "https://registry.npmjs.org/@icp-sdk/core/-/core-4.0.4.tgz",
            "integrity": "sha512-Dc2ZqP9bKDI0oD2CrsGh5dbslmzxVg70VojnTu041X1KKAme6uVkYII8tMs6CRNehw/tbH/G9g3I/ZP6Gm/Zew==",
            "license": "Apache-2.0",
            "peerDependencies": {
                "@dfinity/agent": "^3.2.6",
                "@dfinity/candid": "^3.2.6",
                "@dfinity/identity": "^3.2.6",
                "@dfinity/identity-secp256k1": "^3.2.6",
                "@dfinity/principal": "^3.2.6"
            }
        },
        "node_modules/@noble/curves": {
            "version": "1.9.7",
            "resolved": "https://registry.npmjs.org/@noble/curves/-/curves-1.9.7.tgz",
            "integrity": "sha512-gbKGcRUYIjA3/zCCNaWDciTMFI0dCkvou3TL8Zmy5Nc7sJ47a0jtOeZoTaMxkuqRo9cRhjOdZJXegxYE5FN/xw==",
            "license": "MIT",
            "peer": true,
            "dependencies": {
                "@noble/hashes": "1.8.0"
            },
            "engines": {
                "node": "^14.21.3 || >=16"
            },
            "funding": {
                "url": "https://paulmillr.com/funding/"
            }
        },
        "node_modules/@noble/hashes": {
            "version": "1.8.0",
            "resolved": "https://registry.npmjs.org/@noble/hashes/-/hashes-1.8.0.tgz",
            "integrity": "sha512-jCs9ldd7NwzpgXDIf6P3+NrHh9/sD6CQdxHyjQI+h/6rDNo88ypBxxz45UDuZHz9r3tNz7N/VInSVoVdtXEI4A==",
            "license": "MIT",
            "peer": true,
            "engines": {
                "node": "^14.21.3 || >=16"
            },
            "funding": {
                "url": "https://paulmillr.com/funding/"
            }
        },
        "node_modules/@scure/base": {
            "version": "1.2.6",
            "resolved": "https://registry.npmjs.org/@scure/base/-/base-1.2.6.tgz",
            "integrity": "sha512-g/nm5FgUa//MCj1gV09zTJTaM6KBAHqLN907YVQqf7zC49+DcO4B1so4ZX07Ef10Twr6nuqYEH9GEggFXA4Fmg==",
            "license": "MIT",
            "peer": true,
            "funding": {
                "url": "https://paulmillr.com/funding/"
            }
        },
        "node_modules/@scure/bip32": {
            "version": "1.7.0",
            "resolved": "https://registry.npmjs.org/@scure/bip32/-/bip32-1.7.0.tgz",
            "integrity": "sha512-E4FFX/N3f4B80AKWp5dP6ow+flD1LQZo/w8UnLGYZO674jS6YnYeepycOOksv+vLPSpgN35wgKgy+ybfTb2SMw==",
            "license": "MIT",
            "peer": true,
            "dependencies": {
                "@noble/curves": "~1.9.0",
                "@noble/hashes": "~1.8.0",
                "@scure/base": "~1.2.5"
            },
            "funding": {
                "url": "https://paulmillr.com/funding/"
            }
        },
        "node_modules/@scure/bip39": {
            "version": "1.6.0",
            "resolved": "https://registry.npmjs.org/@scure/bip39/-/bip39-1.6.0.tgz",
            "integrity": "sha512-+lF0BbLiJNwVlev4eKelw1WWLaiKXw7sSl8T6FvBlWkdX+94aGJ4o8XjUdlyhTCjd8c+B3KT3JfS8P0bLRNU6A==",
            "license": "MIT",
            "peer": true,
            "dependencies": {
                "@noble/hashes": "~1.8.0",
                "@scure/base": "~1.2.5"
            },
            "funding": {
                "url": "https://paulmillr.com/funding/"
            }
        },
        "node_modules/@types/node": {
            "version": "22.8.4",
            "resolved": "https://registry.npmjs.org/@types/node/-/node-22.8.4.tgz",
            "integrity": "sha512-SpNNxkftTJOPk0oN+y2bIqurEXHTA2AOZ3EJDDKeJ5VzkvvORSvmQXGQarcOzWV1ac7DCaPBEdMDxBsM+d8jWw==",
            "dev": true,
            "dependencies": {
                "undici-types": "~6.19.8"
            }
        },
        "node_modules/asn1js": {
            "version": "3.0.6",
            "resolved": "https://registry.npmjs.org/asn1js/-/asn1js-3.0.6.tgz",
            "integrity": "sha512-UOCGPYbl0tv8+006qks/dTgV9ajs97X2p0FAbyS2iyCRrmLSRolDaHdp+v/CLgnzHc3fVB+CwYiUmei7ndFcgA==",
            "license": "BSD-3-Clause",
            "peer": true,
            "dependencies": {
                "pvtsutils": "^1.3.6",
                "pvutils": "^1.1.3",
                "tslib": "^2.8.1"
            },
            "engines": {
                "node": ">=12.0.0"
            }
        },
        "node_modules/commander": {
            "version": "12.1.0",
            "resolved": "https://registry.npmjs.org/commander/-/commander-12.1.0.tgz",
            "integrity": "sha512-Vw8qHK3bZM9y/P10u3Vib8o/DdkvA2OtPtZvD871QKjy74Wj1WSKFILMPRPSdUSx5RFK1arlJzEtA4PkFgnbuA==",
            "engines": {
                "node": ">=18"
            }
        },
        "node_modules/esbuild": {
            "version": "0.25.1",
            "resolved": "https://registry.npmjs.org/esbuild/-/esbuild-0.25.1.tgz",
            "integrity": "sha512-BGO5LtrGC7vxnqucAe/rmvKdJllfGaYWdyABvyMoXQlfYMb2bbRuReWR5tEGE//4LcNJj9XrkovTqNYRFZHAMQ==",
            "hasInstallScript": true,
            "license": "MIT",
            "bin": {
                "esbuild": "bin/esbuild"
            },
            "engines": {
                "node": ">=18"
            },
            "optionalDependencies": {
                "@esbuild/aix-ppc64": "0.25.1",
                "@esbuild/android-arm": "0.25.1",
                "@esbuild/android-arm64": "0.25.1",
                "@esbuild/android-x64": "0.25.1",
                "@esbuild/darwin-arm64": "0.25.1",
                "@esbuild/darwin-x64": "0.25.1",
                "@esbuild/freebsd-arm64": "0.25.1",
                "@esbuild/freebsd-x64": "0.25.1",
                "@esbuild/linux-arm": "0.25.1",
                "@esbuild/linux-arm64": "0.25.1",
                "@esbuild/linux-ia32": "0.25.1",
                "@esbuild/linux-loong64": "0.25.1",
                "@esbuild/linux-mips64el": "0.25.1",
                "@esbuild/linux-ppc64": "0.25.1",
                "@esbuild/linux-riscv64": "0.25.1",
                "@esbuild/linux-s390x": "0.25.1",
                "@esbuild/linux-x64": "0.25.1",
                "@esbuild/netbsd-arm64": "0.25.1",
                "@esbuild/netbsd-x64": "0.25.1",
                "@esbuild/openbsd-arm64": "0.25.1",
                "@esbuild/openbsd-x64": "0.25.1",
                "@esbuild/sunos-x64": "0.25.1",
                "@esbuild/win32-arm64": "0.25.1",
                "@esbuild/win32-ia32": "0.25.1",
                "@esbuild/win32-x64": "0.25.1"
            }
        },
        "node_modules/fast-check": {
            "version": "4.1.1",
            "resolved": "https://registry.npmjs.org/fast-check/-/fast-check-4.1.1.tgz",
            "integrity": "sha512-8+yQYeNYqBfWem0Nmm7BUnh27wm+qwGvI0xln60c8RPM5rVekxZf/Ildng2GNBfjaG6utIebFmVBPlNtZlBLxg==",
            "funding": [
                {
                    "type": "individual",
                    "url": "https://github.com/sponsors/dubzzz"
                },
                {
                    "type": "opencollective",
                    "url": "https://opencollective.com/fast-check"
                }
            ],
            "license": "MIT",
            "dependencies": {
                "pure-rand": "^7.0.0"
            },
            "engines": {
                "node": ">=12.17.0"
            }
        },
        "node_modules/get-tsconfig": {
            "version": "4.8.1",
            "resolved": "https://registry.npmjs.org/get-tsconfig/-/get-tsconfig-4.8.1.tgz",
            "integrity": "sha512-k9PN+cFBmaLWtVz29SkUoqU5O0slLuHJXt/2P+tMVFT+phsSGXGkp9t3rQIqdz0e+06EHNGs3oM6ZX1s2zHxRg==",
            "dependencies": {
                "resolve-pkg-maps": "^1.0.0"
            },
            "funding": {
                "url": "https://github.com/privatenumber/get-tsconfig?sponsor=1"
            }
        },
        "node_modules/pure-rand": {
            "version": "7.0.1",
            "resolved": "https://registry.npmjs.org/pure-rand/-/pure-rand-7.0.1.tgz",
            "integrity": "sha512-oTUZM/NAZS8p7ANR3SHh30kXB+zK2r2BPcEn/awJIbOvq82WoMN4p62AWWp3Hhw50G0xMsw1mhIBLqHw64EcNQ==",
            "funding": [
                {
                    "type": "individual",
                    "url": "https://github.com/sponsors/dubzzz"
                },
                {
                    "type": "opencollective",
                    "url": "https://opencollective.com/fast-check"
                }
            ],
            "license": "MIT"
        },
        "node_modules/pvtsutils": {
            "version": "1.3.6",
            "resolved": "https://registry.npmjs.org/pvtsutils/-/pvtsutils-1.3.6.tgz",
            "integrity": "sha512-PLgQXQ6H2FWCaeRak8vvk1GW462lMxB5s3Jm673N82zI4vqtVUPuZdffdZbPDFRoU8kAhItWFtPCWiPpp4/EDg==",
            "license": "MIT",
            "peer": true,
            "dependencies": {
                "tslib": "^2.8.1"
            }
        },
        "node_modules/pvutils": {
            "version": "1.1.3",
            "resolved": "https://registry.npmjs.org/pvutils/-/pvutils-1.1.3.tgz",
            "integrity": "sha512-pMpnA0qRdFp32b1sJl1wOJNxZLQ2cbQx+k6tjNtZ8CpvVhNqEPRgivZ2WOUev2YMajecdH7ctUPDvEe87nariQ==",
            "license": "MIT",
            "peer": true,
            "engines": {
                "node": ">=6.0.0"
            }
        },
        "node_modules/resolve-pkg-maps": {
            "version": "1.0.0",
            "resolved": "https://registry.npmjs.org/resolve-pkg-maps/-/resolve-pkg-maps-1.0.0.tgz",
            "integrity": "sha512-seS2Tj26TBVOC2NIc2rOe2y2ZO7efxITtLZcGSOnHHNOQ7CkiUBfw0Iw2ck6xkIhPwLhKNLS8BO+hEpngQlqzw==",
            "funding": {
                "url": "https://github.com/privatenumber/resolve-pkg-maps?sponsor=1"
            }
        },
        "node_modules/tslib": {
            "version": "2.8.1",
            "resolved": "https://registry.npmjs.org/tslib/-/tslib-2.8.1.tgz",
            "integrity": "sha512-oJFu94HQb+KVduSUQL7wnpmqnfmLsOA/nAh6b6EH0wCEoK0/mPeXU6c3wKDV83MkOuHPRHtSXKKU99IBazS/2w==",
            "license": "0BSD",
            "peer": true
        },
        "node_modules/tsx": {
            "version": "4.19.3",
            "resolved": "https://registry.npmjs.org/tsx/-/tsx-4.19.3.tgz",
            "integrity": "sha512-4H8vUNGNjQ4V2EOoGw005+c+dGuPSnhpPBPHBtsZdGZBk/iJb4kguGlPWaZTZ3q5nMtFOEsY0nRDlh9PJyd6SQ==",
            "license": "MIT",
            "dependencies": {
                "esbuild": "~0.25.0",
                "get-tsconfig": "^4.7.5"
            },
            "bin": {
                "tsx": "dist/cli.mjs"
            },
            "engines": {
                "node": ">=18.0.0"
            },
            "optionalDependencies": {
                "fsevents": "~2.3.3"
            }
        },
        "node_modules/undici-types": {
            "version": "6.19.8",
            "resolved": "https://registry.npmjs.org/undici-types/-/undici-types-6.19.8.tgz",
            "integrity": "sha512-ve2KP6f/JnbPBFyobGHuerC9g1FYGn/F8n1LWTwNxCEzd6IfqTwUQcNXgEtmmQ6DlRrC1hrSrBnCZPokRrDHjw==",
            "dev": true
        }
    }
}
